{
	"requires": true,
	"lockfileVersion": 1,
	"dependencies": {
		"emoji-regex": {
			"version": "6.1.1",
			"resolved": "https://registry.npmjs.org/emoji-regex/-/emoji-regex-6.1.1.tgz",
			"integrity": "sha1-xs0OwbBkLio8Z6ETfvxeeW2k+I4="
		},
		"flatmap": {
			"version": "0.0.3",
			"resolved": "https://registry.npmjs.org/flatmap/-/flatmap-0.0.3.tgz",
			"integrity": "sha1-Hxik2TgVLUlZZfnJWNkjqy3WabQ="
		},
		"github-slugger": {
			"version": "1.2.0",
			"resolved": "https://registry.npmjs.org/github-slugger/-/github-slugger-1.2.0.tgz",
			"integrity": "sha512-wIaa75k1vZhyPm9yWrD08A5Xnx/V+RmzGrpjQuLemGKSb77Qukiaei58Bogrl/LZSADDfPzKJX8jhLs4CRTl7Q==",
			"requires": {
				"emoji-regex": "6.1.1"
			}
		},
		"mdast-util-to-string": {
			"version": "1.0.4",
			"resolved": "https://registry.npmjs.org/mdast-util-to-string/-/mdast-util-to-string-1.0.4.tgz",
			"integrity": "sha1-XEVch4yTVfDB5/PotxnPWDaRrPs="
		},
		"object-assign": {
			"version": "4.1.1",
			"resolved": "https://registry.npmjs.org/object-assign/-/object-assign-4.1.1.tgz",
			"integrity": "sha1-IQmtx5ZYh8/AXLvUQsrIv7s2CGM="
		},
		"unist-util-filter": {
			"version": "1.0.0",
			"resolved": "https://registry.npmjs.org/unist-util-filter/-/unist-util-filter-1.0.0.tgz",
			"integrity": "sha512-Jo80oYI0yH9SuJmqwDJ1zKYfiBJBJNglEXcLK6OywqroZuImPvBJlPezcOsbXkgMzUQd1GyMacp4KYoyigi/4w==",
			"requires": {
				"flatmap": "0.0.3",
				"unist-util-is": "2.1.2"
			}
		},
		"unist-util-is": {
			"version": "2.1.2",
			"resolved": "https://registry.npmjs.org/unist-util-is/-/unist-util-is-2.1.2.tgz",
			"integrity": "sha512-YkXBK/H9raAmG7KXck+UUpnKiNmUdB+aBGrknfQ4EreE1banuzrKABx3jP6Z5Z3fMSPMQQmeXBlKpCbMwBkxVw=="
		},
		"unist-util-map": {
			"version": "1.0.4",
			"resolved": "https://registry.npmjs.org/unist-util-map/-/unist-util-map-1.0.4.tgz",
			"integrity": "sha512-Qv68pQz05hQbjPI+TubZQI5XII5DScRVWaKNc6+qfmHaFGxaGUbkV8i++mM2nk7XgwXE+vei99d/Q2d1tMA3EQ==",
			"requires": {
				"object-assign": "4.1.1"
			}
		}
	}
}
