{
  "name": "minimark-example",
  "version": "0.0.1",
  "lockfileVersion": 1,
  "requires": true,
  "dependencies": {
    "minimark-loader": {
      "version": "0.0.1",
      "dev": true,
      "requires": {
        "detab": "2.0.1",
        "front-matter": "2.3.0",
        "frontmatter": "0.0.3",
        "hast-util-to-html": "3.1.0",
        "mdast-util-definitions": "1.2.2",
        "mdast-util-to-hast": "3.0.1",
        "remark-parse": "5.0.0",
        "unified": "7.0.0"
      },
      "dependencies": {
        "argparse": {
          "version": "1.0.10",
          "bundled": true,
          "dev": true,
          "requires": {
            "sprintf-js": "1.0.3"
          }
        },
        "bail": {
          "version": "1.0.3",
          "bundled": true,
          "dev": true
        },
        "ccount": {
          "version": "1.0.3",
          "bundled": true,
          "dev": true
        },
        "character-entities": {
          "version": "1.2.2",
          "bundled": true,
          "dev": true
        },
        "character-entities-html4": {
          "version": "1.1.2",
          "bundled": true,
          "dev": true
        },
        "character-entities-legacy": {
          "version": "1.1.2",
          "bundled": true,
          "dev": true
        },
        "character-reference-invalid": {
          "version": "1.1.2",
          "bundled": true,
          "dev": true
        },
        "collapse-white-space": {
          "version": "1.0.4",
          "bundled": true,
          "dev": true
        },
        "comma-separated-tokens": {
          "version": "1.0.5",
          "bundled": true,
          "dev": true,
          "requires": {
            "trim": "0.0.1"
          }
        },
        "detab": {
          "version": "2.0.1",
          "bundled": true,
          "dev": true,
          "requires": {
            "repeat-string": "1.6.1"
          }
        },
        "esprima": {
          "version": "4.0.0",
          "bundled": true,
          "dev": true
        },
        "extend": {
          "version": "3.0.1",
          "bundled": true,
          "dev": true
        },
        "front-matter": {
          "version": "2.3.0",
          "bundled": true,
          "dev": true,
          "requires": {
            "js-yaml": "3.12.0"
          }
        },
        "frontmatter": {
          "version": "0.0.3",
          "bundled": true,
          "dev": true,
          "requires": {
            "js-yaml": "3.12.0"
          }
        },
        "hast-util-is-element": {
          "version": "1.0.0",
          "bundled": true,
          "dev": true
        },
        "hast-util-to-html": {
          "version": "3.1.0",
          "bundled": true,
          "dev": true,
          "requires": {
            "ccount": "1.0.3",
            "comma-separated-tokens": "1.0.5",
            "hast-util-is-element": "1.0.0",
            "hast-util-whitespace": "1.0.0",
            "html-void-elements": "1.0.3",
            "kebab-case": "1.0.0",
            "property-information": "3.2.0",
            "space-separated-tokens": "1.1.2",
            "stringify-entities": "1.3.2",
            "unist-util-is": "2.1.2",
            "xtend": "4.0.1"
          }
        },
        "hast-util-whitespace": {
          "version": "1.0.0",
          "bundled": true,
          "dev": true
        },
        "html-void-elements": {
          "version": "1.0.3",
          "bundled": true,
          "dev": true
        },
        "inherits": {
          "version": "2.0.3",
          "bundled": true,
          "dev": true
        },
        "is-alphabetical": {
          "version": "1.0.2",
          "bundled": true,
          "dev": true
        },
        "is-alphanumerical": {
          "version": "1.0.2",
          "bundled": true,
          "dev": true,
          "requires": {
            "is-alphabetical": "1.0.2",
            "is-decimal": "1.0.2"
          }
        },
        "is-buffer": {
          "version": "2.0.3",
          "bundled": true,
          "dev": true
        },
        "is-decimal": {
          "version": "1.0.2",
          "bundled": true,
          "dev": true
        },
        "is-hexadecimal": {
          "version": "1.0.2",
          "bundled": true,
          "dev": true
        },
        "is-plain-obj": {
          "version": "1.1.0",
          "bundled": true,
          "dev": true
        },
        "is-whitespace-character": {
          "version": "1.0.2",
          "bundled": true,
          "dev": true
        },
        "is-word-character": {
          "version": "1.0.2",
          "bundled": true,
          "dev": true
        },
        "js-yaml": {
          "version": "3.12.0",
          "bundled": true,
          "dev": true,
          "requires": {
            "argparse": "1.0.10",
            "esprima": "4.0.0"
          }
        },
        "kebab-case": {
          "version": "1.0.0",
          "bundled": true,
          "dev": true
        },
        "markdown-escapes": {
          "version": "1.0.2",
          "bundled": true,
          "dev": true
        },
        "mdast-util-definitions": {
          "version": "1.2.2",
          "bundled": true,
          "dev": true,
          "requires": {
            "unist-util-visit": "1.3.1"
          }
        },
        "mdast-util-to-hast": {
          "version": "3.0.1",
          "bundled": true,
          "dev": true,
          "requires": {
            "collapse-white-space": "1.0.4",
            "detab": "2.0.1",
            "mdast-util-definitions": "1.2.2",
            "mdurl": "1.0.1",
            "trim": "0.0.1",
            "trim-lines": "1.1.1",
            "unist-builder": "1.0.2",
            "unist-util-generated": "1.1.2",
            "unist-util-position": "3.0.1",
            "unist-util-visit": "1.3.1",
            "xtend": "4.0.1"
          }
        },
        "mdurl": {
          "version": "1.0.1",
          "bundled": true,
          "dev": true
        },
        "object-assign": {
          "version": "4.1.1",
          "bundled": true,
          "dev": true
        },
        "parse-entities": {
          "version": "1.1.2",
          "bundled": true,
          "dev": true,
          "requires": {
            "character-entities": "1.2.2",
            "character-entities-legacy": "1.1.2",
            "character-reference-invalid": "1.1.2",
            "is-alphanumerical": "1.0.2",
            "is-decimal": "1.0.2",
            "is-hexadecimal": "1.0.2"
          }
        },
        "property-information": {
          "version": "3.2.0",
          "bundled": true,
          "dev": true
        },
        "remark-parse": {
          "version": "5.0.0",
          "bundled": true,
          "dev": true,
          "requires": {
            "collapse-white-space": "1.0.4",
            "is-alphabetical": "1.0.2",
            "is-decimal": "1.0.2",
            "is-whitespace-character": "1.0.2",
            "is-word-character": "1.0.2",
            "markdown-escapes": "1.0.2",
            "parse-entities": "1.1.2",
            "repeat-string": "1.6.1",
            "state-toggle": "1.0.1",
            "trim": "0.0.1",
            "trim-trailing-lines": "1.1.1",
            "unherit": "1.1.1",
            "unist-util-remove-position": "1.1.2",
            "vfile-location": "2.0.3",
            "xtend": "4.0.1"
          }
        },
        "repeat-string": {
          "version": "1.6.1",
          "bundled": true,
          "dev": true
        },
        "replace-ext": {
          "version": "1.0.0",
          "bundled": true,
          "dev": true
        },
        "space-separated-tokens": {
          "version": "1.1.2",
          "bundled": true,
          "dev": true,
          "requires": {
            "trim": "0.0.1"
          }
        },
        "sprintf-js": {
          "version": "1.0.3",
          "bundled": true,
          "dev": true
        },
        "state-toggle": {
          "version": "1.0.1",
          "bundled": true,
          "dev": true
        },
        "stringify-entities": {
          "version": "1.3.2",
          "bundled": true,
          "dev": true,
          "requires": {
            "character-entities-html4": "1.1.2",
            "character-entities-legacy": "1.1.2",
            "is-alphanumerical": "1.0.2",
            "is-hexadecimal": "1.0.2"
          }
        },
        "trim": {
          "version": "0.0.1",
          "bundled": true,
          "dev": true
        },
        "trim-lines": {
          "version": "1.1.1",
          "bundled": true,
          "dev": true
        },
        "trim-trailing-lines": {
          "version": "1.1.1",
          "bundled": true,
          "dev": true
        },
        "trough": {
          "version": "1.0.2",
          "bundled": true,
          "dev": true
        },
        "unherit": {
          "version": "1.1.1",
          "bundled": true,
          "dev": true,
          "requires": {
            "inherits": "2.0.3",
            "xtend": "4.0.1"
          }
        },
        "unified": {
          "version": "7.0.0",
          "bundled": true,
          "dev": true,
          "requires": {
            "bail": "1.0.3",
            "extend": "3.0.1",
            "is-plain-obj": "1.1.0",
            "trough": "1.0.2",
            "vfile": "3.0.0",
            "x-is-string": "0.1.0"
          }
        },
        "unist-builder": {
          "version": "1.0.2",
          "bundled": true,
          "dev": true,
          "requires": {
            "object-assign": "4.1.1"
          }
        },
        "unist-util-generated": {
          "version": "1.1.2",
          "bundled": true,
          "dev": true
        },
        "unist-util-is": {
          "version": "2.1.2",
          "bundled": true,
          "dev": true
        },
        "unist-util-position": {
          "version": "3.0.1",
          "bundled": true,
          "dev": true
        },
        "unist-util-remove-position": {
          "version": "1.1.2",
          "bundled": true,
          "dev": true,
          "requires": {
            "unist-util-visit": "1.3.1"
          }
        },
        "unist-util-stringify-position": {
          "version": "1.1.2",
          "bundled": true,
          "dev": true
        },
        "unist-util-visit": {
          "version": "1.3.1",
          "bundled": true,
          "dev": true,
          "requires": {
            "unist-util-is": "2.1.2"
          }
        },
        "vfile": {
          "version": "3.0.0",
          "bundled": true,
          "dev": true,
          "requires": {
            "is-buffer": "2.0.3",
            "replace-ext": "1.0.0",
            "unist-util-stringify-position": "1.1.2",
            "vfile-message": "1.0.1"
          }
        },
        "vfile-location": {
          "version": "2.0.3",
          "bundled": true,
          "dev": true
        },
        "vfile-message": {
          "version": "1.0.1",
          "bundled": true,
          "dev": true,
          "requires": {
            "unist-util-stringify-position": "1.1.2"
          }
        },
        "x-is-string": {
          "version": "0.1.0",
          "bundled": true,
          "dev": true
        },
        "xtend": {
          "version": "4.0.1",
          "bundled": true,
          "dev": true
        }
      }
    },
    "minimark-renderer": {
      "version": "0.0.1"
    }
  }
}
