{
	"requires": true,
	"lockfileVersion": 1,
	"dependencies": {
		"1-liners": {
			"version": "0.4.0",
			"resolved": "https://registry.npmjs.org/1-liners/-/1-liners-0.4.0.tgz",
			"integrity": "sha1-sL+77uRaB7hqv/qyy5IgtrEqjio="
		},
		"asap": {
			"version": "2.0.6",
			"resolved": "https://registry.npmjs.org/asap/-/asap-2.0.6.tgz",
			"integrity": "sha1-5QNHYR1+aQlDIIu9r+vLwvuGbUY="
		},
		"boolbase": {
			"version": "1.0.0",
			"resolved": "https://registry.npmjs.org/boolbase/-/boolbase-1.0.0.tgz",
			"integrity": "sha1-aN/1++YMUes3cl6p4+0xDcwed24="
		},
		"bowser": {
			"version": "1.8.1",
			"resolved": "https://registry.npmjs.org/bowser/-/bowser-1.8.1.tgz",
			"integrity": "sha512-NMPaR8ILtdLSWzxQtEs16XbxMcY8ohWGQ5V+TZSJS3fNUt/PBAGkF6YWO9B/4qWE23bK3o0moQKq8UyFEosYkA=="
		},
		"core-js": {
			"version": "1.2.7",
			"resolved": "https://registry.npmjs.org/core-js/-/core-js-1.2.7.tgz",
			"integrity": "sha1-ZSKUwUZR2yj6k70tX/KYOk8IxjY="
		},
		"css-in-js-utils": {
			"version": "2.0.0",
			"resolved": "https://registry.npmjs.org/css-in-js-utils/-/css-in-js-utils-2.0.0.tgz",
			"integrity": "sha512-yuWmPMD9FLi50Xf3k8W8oO3WM1eVnxEGCldCLyfusQ+CgivFk0s23yst4ooW6tfxMuSa03S6uUEga9UhX6GRrA==",
			"requires": {
				"hyphenate-style-name": "^1.0.2"
			}
		},
		"css-selector-parser": {
			"version": "1.3.0",
			"resolved": "https://registry.npmjs.org/css-selector-parser/-/css-selector-parser-1.3.0.tgz",
			"integrity": "sha1-XxrUPi2O77/cME/NOaUhZklD4+s="
		},
		"debug": {
			"version": "2.6.9",
			"resolved": "https://registry.npmjs.org/debug/-/debug-2.6.9.tgz",
			"integrity": "sha512-bC7ElrdJaJnPbAP+1EotYvqZsb3ecl5wi6Bfi6BJTUcNowp6cvspg0jXznRTKDjm/E7AdgFBVeAPVMNcKGsHMA==",
			"requires": {
				"ms": "2.0.0"
			}
		},
		"deep-equal": {
			"version": "1.0.1",
			"resolved": "https://registry.npmjs.org/deep-equal/-/deep-equal-1.0.1.tgz",
			"integrity": "sha1-9dJgKStmDghO/0zbyfCK0yR0SLU="
		},
		"encoding": {
			"version": "0.1.12",
			"resolved": "https://registry.npmjs.org/encoding/-/encoding-0.1.12.tgz",
			"integrity": "sha1-U4tm8+5izRq1HsMjgp0flIDHS+s=",
			"requires": {
				"iconv-lite": "~0.4.13"
			}
		},
		"exenv": {
			"version": "1.2.2",
			"resolved": "https://registry.npmjs.org/exenv/-/exenv-1.2.2.tgz",
			"integrity": "sha1-KueOhdmJQVhnCwPUe+wfA72Ru50="
		},
		"fbjs": {
			"version": "0.8.16",
			"resolved": "https://registry.npmjs.org/fbjs/-/fbjs-0.8.16.tgz",
			"integrity": "sha1-XmdDL1UNxBtXK/VYR7ispk5TN9s=",
			"requires": {
				"core-js": "^1.0.0",
				"isomorphic-fetch": "^2.1.1",
				"loose-envify": "^1.0.0",
				"object-assign": "^4.1.0",
				"promise": "^7.1.1",
				"setimmediate": "^1.0.5",
				"ua-parser-js": "^0.7.9"
			}
		},
		"floral": {
			"version": "0.0.4",
			"resolved": "https://registry.npmjs.org/floral/-/floral-0.0.4.tgz",
			"integrity": "sha512-U4dLxXob73qYKbJXyYTZBo33iMWMX9yAakwwpCqxLqOD9JX8Q6mXG4DveQqsOKAh9OX6nqkXW1dLNxKbYI+Dsw==",
			"requires": {
				"inline-style-prefixer": "^3.0.7",
				"lodash.flatten": "^4.4.0",
				"prop-types": "^15.5.10"
			}
		},
		"hammerjs": {
			"version": "2.0.8",
			"resolved": "https://registry.npmjs.org/hammerjs/-/hammerjs-2.0.8.tgz",
			"integrity": "sha1-BO93hiz/K7edMPdpIJWTAiK/YPE="
		},
		"history": {
			"version": "4.7.2",
			"resolved": "https://registry.npmjs.org/history/-/history-4.7.2.tgz",
			"integrity": "sha512-1zkBRWW6XweO0NBcjiphtVJVsIQ+SXF29z9DVkceeaSLVMFXHool+fdCZD4spDCfZJCILPILc3bm7Bc+HRi0nA==",
			"requires": {
				"invariant": "^2.2.1",
				"loose-envify": "^1.2.0",
				"resolve-pathname": "^2.2.0",
				"value-equal": "^0.4.0",
				"warning": "^3.0.0"
			}
		},
		"hoist-non-react-statics": {
			"version": "2.3.1",
			"resolved": "https://registry.npmjs.org/hoist-non-react-statics/-/hoist-non-react-statics-2.3.1.tgz",
			"integrity": "sha1-ND24TGAYxlB3iJgkATWhQg7iLOA="
		},
		"hyphenate-style-name": {
			"version": "1.0.2",
			"resolved": "https://registry.npmjs.org/hyphenate-style-name/-/hyphenate-style-name-1.0.2.tgz",
			"integrity": "sha1-MRYKNpMK2vH8BMYHT360FGXU7Es="
		},
		"iconv-lite": {
			"version": "0.4.19",
			"resolved": "https://registry.npmjs.org/iconv-lite/-/iconv-lite-0.4.19.tgz",
			"integrity": "sha512-oTZqweIP51xaGPI4uPa56/Pri/480R+mo7SeU+YETByQNhDG55ycFyNLIgta9vXhILrxXDmF7ZGhqZIcuN0gJQ=="
		},
		"inline-style-prefixer": {
			"version": "3.0.8",
			"resolved": "https://registry.npmjs.org/inline-style-prefixer/-/inline-style-prefixer-3.0.8.tgz",
			"integrity": "sha1-hVG45bTVcyROZqNLBPfTIHaitTQ=",
			"requires": {
				"bowser": "^1.7.3",
				"css-in-js-utils": "^2.0.0"
			}
		},
		"invariant": {
			"version": "2.2.2",
			"resolved": "https://registry.npmjs.org/invariant/-/invariant-2.2.2.tgz",
			"integrity": "sha1-nh9WrArNtr8wMwbzOL47IErmA2A=",
			"requires": {
				"loose-envify": "^1.0.0"
			}
		},
		"is-stream": {
			"version": "1.1.0",
			"resolved": "https://registry.npmjs.org/is-stream/-/is-stream-1.1.0.tgz",
			"integrity": "sha1-EtSj3U5o4Lec6428hBc66A2RykQ="
		},
		"isomorphic-fetch": {
			"version": "2.2.1",
			"resolved": "https://registry.npmjs.org/isomorphic-fetch/-/isomorphic-fetch-2.2.1.tgz",
			"integrity": "sha1-YRrhrPFPXoH3KVB0coGf6XM1WKk=",
			"requires": {
				"node-fetch": "^1.0.1",
				"whatwg-fetch": ">=0.10.0"
			}
		},
		"js-tokens": {
			"version": "3.0.2",
			"resolved": "https://registry.npmjs.org/js-tokens/-/js-tokens-3.0.2.tgz",
			"integrity": "sha1-mGbfOVECEw449/mWvOtlRDIJwls="
		},
		"lodash.flatten": {
			"version": "4.4.0",
			"resolved": "https://registry.npmjs.org/lodash.flatten/-/lodash.flatten-4.4.0.tgz",
			"integrity": "sha1-8xwiIlqWMtK7+OSt2+8kCqdlph8="
		},
		"loose-envify": {
			"version": "1.3.1",
			"resolved": "https://registry.npmjs.org/loose-envify/-/loose-envify-1.3.1.tgz",
			"integrity": "sha1-0aitM/qc4OcT1l/dCsi3SNR4yEg=",
			"requires": {
				"js-tokens": "^3.0.0"
			}
		},
		"ms": {
			"version": "2.0.0",
			"resolved": "https://registry.npmjs.org/ms/-/ms-2.0.0.tgz",
			"integrity": "sha1-VgiurfwAvmwpAd9fmGF4jeDVl8g="
		},
		"node-fetch": {
			"version": "1.7.3",
			"resolved": "https://registry.npmjs.org/node-fetch/-/node-fetch-1.7.3.tgz",
			"integrity": "sha512-NhZ4CsKx7cYm2vSrBAr2PvFOe6sWDf0UYLRqA6svUYg7+/TSfVAu49jYC4BvQ4Sms9SZgdqGBgroqfDhJdTyKQ==",
			"requires": {
				"encoding": "^0.1.11",
				"is-stream": "^1.0.1"
			}
		},
		"nth-check": {
			"version": "1.0.1",
			"resolved": "https://registry.npmjs.org/nth-check/-/nth-check-1.0.1.tgz",
			"integrity": "sha1-mSms32KPwsQQmN6rgqxYDPFJquQ=",
			"requires": {
				"boolbase": "~1.0.0"
			}
		},
		"object-assign": {
			"version": "4.1.1",
			"resolved": "https://registry.npmjs.org/object-assign/-/object-assign-4.1.1.tgz",
			"integrity": "sha1-IQmtx5ZYh8/AXLvUQsrIv7s2CGM="
		},
		"performance-now": {
			"version": "0.2.0",
			"resolved": "https://registry.npmjs.org/performance-now/-/performance-now-0.2.0.tgz",
			"integrity": "sha1-M+8wxcd9TqIcWlOGnZG1bY8lVeU="
		},
		"promise": {
			"version": "7.3.1",
			"resolved": "https://registry.npmjs.org/promise/-/promise-7.3.1.tgz",
			"integrity": "sha512-nolQXZ/4L+bP/UGlkfaIujX9BKxGwmQ9OT4mOt5yvy8iK1h3wqTEJCijzGANTCCl9nWjY41juyAn2K3Q1hLLTg==",
			"requires": {
				"asap": "~2.0.3"
			}
		},
		"prop-types": {
			"version": "15.6.0",
			"resolved": "https://registry.npmjs.org/prop-types/-/prop-types-15.6.0.tgz",
			"integrity": "sha1-zq8IMCL8RrSjX2nhPvda7Q1jmFY=",
			"requires": {
				"fbjs": "^0.8.16",
				"loose-envify": "^1.3.1",
				"object-assign": "^4.1.1"
			}
		},
		"raf": {
			"version": "3.4.0",
			"resolved": "https://registry.npmjs.org/raf/-/raf-3.4.0.tgz",
			"integrity": "sha512-pDP/NMRAXoTfrhCfyfSEwJAKLaxBU9eApMeBPB1TkDouZmvPerIClV8lTAd+uF8ZiTaVl69e1FCxQrAd/VTjGw==",
			"requires": {
				"performance-now": "^2.1.0"
			},
			"dependencies": {
				"performance-now": {
					"version": "2.1.0",
					"resolved": "https://registry.npmjs.org/performance-now/-/performance-now-2.1.0.tgz",
					"integrity": "sha1-Ywn04OX6kT7BxpMHrjZLSzd8nns="
				}
			}
		},
		"react-hammerjs": {
			"version": "1.0.1",
			"resolved": "https://registry.npmjs.org/react-hammerjs/-/react-hammerjs-1.0.1.tgz",
			"integrity": "sha1-vB7Z6e99oFcWP7FpzhKRe21sp9g=",
			"requires": {
				"hammerjs": "^2.0.8"
			}
		},
		"react-helmet": {
			"version": "5.2.0",
			"resolved": "https://registry.npmjs.org/react-helmet/-/react-helmet-5.2.0.tgz",
			"integrity": "sha1-qBgR3yExOm1VxfBYxK66XW89l6c=",
			"requires": {
				"deep-equal": "^1.0.1",
				"object-assign": "^4.1.1",
				"prop-types": "^15.5.4",
				"react-side-effect": "^1.1.0"
			}
		},
		"react-motion": {
			"version": "0.5.2",
			"resolved": "https://registry.npmjs.org/react-motion/-/react-motion-0.5.2.tgz",
			"integrity": "sha512-9q3YAvHoUiWlP3cK0v+w1N5Z23HXMj4IF4YuvjvWegWqNPfLXsOBE/V7UvQGpXxHFKRQQcNcVQE31g9SB/6qgQ==",
			"requires": {
				"performance-now": "^0.2.0",
				"prop-types": "^15.5.8",
				"raf": "^3.1.0"
			}
		},
		"react-motion-drawer": {
			"version": "3.1.0",
			"resolved": "https://registry.npmjs.org/react-motion-drawer/-/react-motion-drawer-3.1.0.tgz",
			"integrity": "sha512-BVAZXIhRFSN4DUNJkLw8TnqGKp6N2TPOH/zx2AXO6H5qay9QEOFf+00P4EhKQ5j74Be+oQuVdAIeNRngHrS+CQ==",
			"requires": {
				"1-liners": "^0.4.0",
				"prop-types": "^15.5.10",
				"react-hammerjs": "^1.0.1",
				"react-motion": "^0.5.2"
			}
		},
		"react-router": {
			"version": "4.2.0",
			"resolved": "https://registry.npmjs.org/react-router/-/react-router-4.2.0.tgz",
			"integrity": "sha512-DY6pjwRhdARE4TDw7XjxjZsbx9lKmIcyZoZ+SDO7SBJ1KUeWNxT22Kara2AC7u6/c2SYEHlEDLnzBCcNhLE8Vg==",
			"requires": {
				"history": "^4.7.2",
				"hoist-non-react-statics": "^2.3.0",
				"invariant": "^2.2.2",
				"loose-envify": "^1.3.1",
				"path-to-regexp": "^1.7.0",
				"prop-types": "^15.5.4",
				"warning": "^3.0.0"
			},
			"dependencies": {
				"isarray": {
					"version": "0.0.1",
					"resolved": "https://registry.npmjs.org/isarray/-/isarray-0.0.1.tgz",
					"integrity": "sha1-ihis/Kmo9Bd+Cav8YDiTmwXR7t8="
				},
				"path-to-regexp": {
					"version": "1.7.0",
					"resolved": "https://registry.npmjs.org/path-to-regexp/-/path-to-regexp-1.7.0.tgz",
					"integrity": "sha1-Wf3g9DW62suhA6hOnTvGTpa5k30=",
					"requires": {
						"isarray": "0.0.1"
					}
				}
			}
		},
		"react-router-dom": {
			"version": "4.2.2",
			"resolved": "https://registry.npmjs.org/react-router-dom/-/react-router-dom-4.2.2.tgz",
			"integrity": "sha512-cHMFC1ZoLDfEaMFoKTjN7fry/oczMgRt5BKfMAkTu5zEuJvUiPp1J8d0eXSVTnBh6pxlbdqDhozunOOLtmKfPA==",
			"requires": {
				"history": "^4.7.2",
				"invariant": "^2.2.2",
				"loose-envify": "^1.3.1",
				"prop-types": "^15.5.4",
				"react-router": "^4.2.0",
				"warning": "^3.0.0"
			}
		},
		"react-side-effect": {
			"version": "1.1.3",
			"resolved": "https://registry.npmjs.org/react-side-effect/-/react-side-effect-1.1.3.tgz",
			"integrity": "sha1-USwlq+DewXKDTEAB7FxR4E1BvFw=",
			"requires": {
				"exenv": "^1.2.1",
				"shallowequal": "^1.0.1"
			}
		},
		"remark-external-links": {
			"version": "2.0.0",
			"resolved": "https://registry.npmjs.org/remark-external-links/-/remark-external-links-2.0.0.tgz",
			"integrity": "sha512-Ya1ojtcxZbnemgg62m7UBQ48OdhuPpadtKUnNSiYYMqw9BVQmG1v3hSM1sp0XbXOoT92AxVmC530trW5VCiEOg==",
			"requires": {
				"unist-util-select": "~1.5.0"
			}
		},
		"resolve-pathname": {
			"version": "2.2.0",
			"resolved": "https://registry.npmjs.org/resolve-pathname/-/resolve-pathname-2.2.0.tgz",
			"integrity": "sha512-bAFz9ld18RzJfddgrO2e/0S2O81710++chRMUxHjXOYKF6jTAMrUNZrEZ1PvV0zlhfjidm08iRPdTLPno1FuRg=="
		},
		"setimmediate": {
			"version": "1.0.5",
			"resolved": "https://registry.npmjs.org/setimmediate/-/setimmediate-1.0.5.tgz",
			"integrity": "sha1-KQy7Iy4waULX1+qbg3Mqt4VvgoU="
		},
		"shallowequal": {
			"version": "1.0.2",
			"resolved": "https://registry.npmjs.org/shallowequal/-/shallowequal-1.0.2.tgz",
			"integrity": "sha512-zlVXeVUKvo+HEv1e2KQF/csyeMKx2oHvatQ9l6XjCUj3agvC8XGf6R9HvIPDSmp8FNPvx7b5kaEJTRi7CqxtEw=="
		},
		"taply": {
			"version": "0.0.3",
			"resolved": "https://registry.npmjs.org/taply/-/taply-0.0.3.tgz",
			"integrity": "sha512-hcxWhfcRENO0xO3LiplPcXQKFnNtmzTlaS95LGSp5XziqCSNbiVZMzz+HIX3cf1tICO84CAHzAMcPHQdSZWMgQ==",
			"requires": {
				"prop-types": "^15.6.0"
			}
		},
		"ua-parser-js": {
			"version": "0.7.17",
			"resolved": "https://registry.npmjs.org/ua-parser-js/-/ua-parser-js-0.7.17.tgz",
			"integrity": "sha512-uRdSdu1oA1rncCQL7sCj8vSyZkgtL7faaw9Tc9rZ3mGgraQ7+Pdx7w5mnOSF3gw9ZNG6oc+KXfkon3bKuROm0g=="
		},
		"unist-util-select": {
			"version": "1.5.0",
			"resolved": "https://registry.npmjs.org/unist-util-select/-/unist-util-select-1.5.0.tgz",
			"integrity": "sha1-qTwr6MD2U4J4A7gTMa3sKqJM2TM=",
			"requires": {
				"css-selector-parser": "^1.1.0",
				"debug": "^2.2.0",
				"nth-check": "^1.0.1"
			}
		},
		"value-equal": {
			"version": "0.4.0",
			"resolved": "https://registry.npmjs.org/value-equal/-/value-equal-0.4.0.tgz",
			"integrity": "sha512-x+cYdNnaA3CxvMaTX0INdTCN8m8aF2uY9BvEqmxuYp8bL09cs/kWVQPVGcA35fMktdOsP69IgU7wFj/61dJHEw=="
		},
		"warning": {
			"version": "3.0.0",
			"resolved": "https://registry.npmjs.org/warning/-/warning-3.0.0.tgz",
			"integrity": "sha1-MuU3fLVy3kqwR1O9+IIcAe1gW3w=",
			"requires": {
				"loose-envify": "^1.0.0"
			}
		},
		"whatwg-fetch": {
			"version": "2.0.3",
			"resolved": "https://registry.npmjs.org/whatwg-fetch/-/whatwg-fetch-2.0.3.tgz",
			"integrity": "sha1-nITsLc9oGH/wC8ZOEnS0QhduHIQ="
		}
	}
}
